Microsoft Visual Studio Solution File, Format Version 12.00
# Visual Studio Version 17
VisualStudioVersion = 17.5.2.0
MinimumVisualStudioVersion = 10.0.40219.1
Project("{FAE04EC0-301F-11D3-BF4B-00C04F79EFBC}") = "programacion1_tarea3", "programacion1_tarea3.csproj", "{59CCAF7E-AF94-6CF9-E9B8-89EFA711C290}"
EndProject
Global
	GlobalSection(SolutionConfigurationPlatforms) = preSolution
		Debug|Any CPU = Debug|Any CPU
		Release|Any CPU = Release|Any CPU
	EndGlobalSection
	GlobalSection(ProjectConfigurationPlatforms) = postSolution
		{59CCAF7E-AF94-6CF9-E9B8-89EFA711C290}.Debug|Any CPU.ActiveCfg = Debug|Any CPU
		{59CCAF7E-AF94-6CF9-E9B8-89EFA711C290}.Debug|Any CPU.Build.0 = Debug|Any CPU
		{59CCAF7E-AF94-6CF9-E9B8-89EFA711C290}.Release|Any CPU.ActiveCfg = Release|Any CPU
		{59CCAF7E-AF94-6CF9-E9B8-89EFA711C290}.Release|Any CPU.Build.0 = Release|Any CPU
	EndGlobalSection
	GlobalSection(SolutionProperties) = preSolution
		HideSolutionNode = FALSE
	EndGlobalSection
	GlobalSection(ExtensibilityGlobals) = postSolution
		SolutionGuid = {9D29DE21-669E-46EA-9FF9-EC6F92BC91FB}
	EndGlobalSection
EndGlobal
